// !$*UTF8*$!
{
	archiveVersion = 1;
	classes = {
	};
	objectVersion = 46;
	objects = {

/* Begin PBXBuildFile section */
		7CACD3151AEC515800016E89 /* AppDelegate.swift in Sources */ = {isa = PBXBuildFile; fileRef = 7CACD3141AEC515800016E89 /* AppDelegate.swift */; };
		7CACD3171AEC515800016E89 /* ViewController.swift in Sources */ = {isa = PBXBuildFile; fileRef = 7CACD3161AEC515800016E89 /* ViewController.swift */; };
		7CACD31A1AEC515800016E89 /* Main.storyboard in Resources */ = {isa = PBXBuildFile; fileRef = 7CACD3181AEC515800016E89 /* Main.storyboard */; };
		7CACD31C1AEC515800016E89 /* Images.xcassets in Resources */ = {isa = PBXBuildFile; fileRef = 7CACD31B1AEC515800016E89 /* Images.xcassets */; };
		7CACD31F1AEC515800016E89 /* LaunchScreen.xib in Resources */ = {isa = PBXBuildFile; fileRef = 7CACD31D1AEC515800016E89 /* LaunchScreen.xib */; };
		7CACD32B1AEC515800016E89 /* PostcardTests.swift in Sources */ = {isa = PBXBuildFile; fileRef = 7CACD32A1AEC515800016E89 /* PostcardTests.swift */; };
/* End PBXBuildFile section */

/* Begin PBXContainerItemProxy section */
		7CACD3251AEC515800016E89 /* PBXContainerItemProxy */ = {
			isa = PBXContainerItemProxy;
			containerPortal = 7CACD3071AEC515800016E89 /* Project object */;
			proxyType = 1;
			remoteGlobalIDString = 7CACD30E1AEC515800016E89;
			remoteInfo = Postcard;
		};
/* End PBXContainerItemProxy section */

/* Begin PBXFileReference section */
		7CACD30F1AEC515800016E89 /* Postcard.app */ = {isa = PBXFileReference; explicitFileType = wrapper.application; includeInIndex = 0; path = Postcard.app; sourceTree = BUILT_PRODUCTS_DIR; };
		7CACD3131AEC515800016E89 /* Info.plist */ = {isa = PBXFileReference; lastKnownFileType = text.plist.xml; path = Info.plist; sourceTree = "<group>"; };
		7CACD3141AEC515800016E89 /* AppDelegate.swift */ = {isa = PBXFileReference; lastKnownFileType = sourcecode.swift; path = AppDelegate.swift; sourceTree = "<group>"; };
		7CACD3161AEC515800016E89 /* ViewController.swift */ = {isa = PBXFileReference; lastKnownFileType = sourcecode.swift; path = ViewController.swift; sourceTree = "<group>"; };
		7CACD3191AEC515800016E89 /* Base */ = {isa = PBXFileReference; lastKnownFileType = file.storyboard; name = Base; path = Base.lproj/Main.storyboard; sourceTree = "<group>"; };
		7CACD31B1AEC515800016E89 /* Images.xcassets */ = {isa = PBXFileReference; lastKnownFileType = folder.assetcatalog; path = Images.xcassets; sourceTree = "<group>"; };
		7CACD31E1AEC515800016E89 /* Base */ = {isa = PBXFileReference; lastKnownFileType = file.xib; name = Base; path = Base.lproj/LaunchScreen.xib; sourceTree = "<group>"; };
		7CACD3241AEC515800016E89 /* PostcardTests.xctest */ = {isa = PBXFileReference; explicitFileType = wrapper.cfbundle; includeInIndex = 0; path = PostcardTests.xctest; sourceTree = BUILT_PRODUCTS_DIR; };
		7CACD3291AEC515800016E89 /* Info.plist */ = {isa = PBXFileReference; lastKnownFileType = text.plist.xml; path = Info.plist; sourceTree = "<group>"; };
		7CACD32A1AEC515800016E89 /* PostcardTests.swift */ = {isa = PBXFileReference; lastKnownFileType = sourcecode.swift; path = PostcardTests.swift; sourceTree = "<group>"; };
/* End PBXFileReference section */

/* Begin PBXFrameworksBuildPhase section */
		7CACD30C1AEC515800016E89 /* Frameworks */ = {
			isa = PBXFrameworksBuildPhase;
			buildActionMask = 2147483647;
			files = (
			);
			runOnlyForDeploymentPostprocessing = 0;
		};
		7CACD3211AEC515800016E89 /* Frameworks */ = {
			isa = PBXFrameworksBuildPhase;
			buildActionMask = 2147483647;
			files = (
			);
			runOnlyForDeploymentPostprocessing = 0;
		};
/* End PBXFrameworksBuildPhase section */

/* Begin PBXGroup section */
		7CACD3061AEC515800016E89 = {
			isa = PBXGroup;
			children = (
				7CACD3111AEC515800016E89 /* Postcard */,
				7CACD3271AEC515800016E89 /* PostcardTests */,
				7CACD3101AEC515800016E89 /* Products */,
			);
			sourceTree = "<group>";
		};
		7CACD3101AEC515800016E89 /* Products */ = {
			isa = PBXGroup;
			children = (
				7CACD30F1AEC515800016E89 /* Postcard.app */,
				7CACD3241AEC515800016E89 /* PostcardTests.xctest */,
			);
			name = Products;
			sourceTree = "<group>";
		};
		7CACD3111AEC515800016E89 /* Postcard */ = {
			isa = PBXGroup;
			children = (
				7CACD3141AEC515800016E89 /* AppDelegate.swift */,
				7CACD3161AEC515800016E89 /* ViewController.swift */,
				7CACD3181AEC515800016E89 /* Main.storyboard */,
				7CACD31B1AEC515800016E89 /* Images.xcassets */,
				7CACD31D1AEC515800016E89 /* LaunchScreen.xib */,
				7CACD3121AEC515800016E89 /* Supporting Files */,
			);
			path = Postcard;
			sourceTree = "<group>";
		};
		7CACD3121AEC515800016E89 /* Supporting Files */ = {
			isa = PBXGroup;
			children = (
				7CACD3131AEC515800016E89 /* Info.plist */,
			);
			name = "Supporting Files";
			sourceTree = "<group>";
		};
		7CACD3271AEC515800016E89 /* PostcardTests */ = {
			isa = PBXGroup;
			children = (
				7CACD32A1AEC515800016E89 /* PostcardTests.swift */,
				7CACD3281AEC515800016E89 /* Supporting Files */,
			);
			path = PostcardTests;
			sourceTree = "<group>";
		};
		7CACD3281AEC515800016E89 /* Supporting Files */ = {
			isa = PBXGroup;
			children = (
				7CACD3291AEC515800016E89 /* Info.plist */,
			);
			name = "Supporting Files";
			sourceTree = "<group>";
		};
/* End PBXGroup section */

/* Begin PBXNativeTarget section */
		7CACD30E1AEC515800016E89 /* Postcard */ = {
			isa = PBXNativeTarget;
			buildConfigurationList = 7CACD32E1AEC515800016E89 /* Build configuration list for PBXNativeTarget "Postcard" */;
			buildPhases = (
				7CACD30B1AEC515800016E89 /* Sources */,
				7CACD30C1AEC515800016E89 /* Frameworks */,
				7CACD30D1AEC515800016E89 /* Resources */,
			);
			buildRules = (
			);
			dependencies = (
			);
			name = Postcard;
			productName = Postcard;
			productReference = 7CACD30F1AEC515800016E89 /* Postcard.app */;
			productType = "com.apple.product-type.application";
		};
		7CACD3231AEC515800016E89 /* PostcardTests */ = {
			isa = PBXNativeTarget;
			buildConfigurationList = 7CACD3311AEC515800016E89 /* Build configuration list for PBXNativeTarget "PostcardTests" */;
			buildPhases = (
				7CACD3201AEC515800016E89 /* Sources */,
				7CACD3211AEC515800016E89 /* Frameworks */,
				7CACD3221AEC515800016E89 /* Resources */,
			);
			buildRules = (
			);
			dependencies = (
				7CACD3261AEC515800016E89 /* PBXTargetDependency */,
			);
			name = PostcardTests;
			productName = PostcardTests;
			productReference = 7CACD3241AEC515800016E89 /* PostcardTests.xctest */;
			productType = "com.apple.product-type.bundle.unit-test";
		};
/* End PBXNativeTarget section */

/* Begin PBXProject section */
		7CACD3071AEC515800016E89 /* Project object */ = {
			isa = PBXProject;
			attributes = {
				LastUpgradeCheck = 0630;
				ORGANIZATIONNAME = "Adriel Carsete";
				TargetAttributes = {
					7CACD30E1AEC515800016E89 = {
						CreatedOnToolsVersion = 6.3;
					};
					7CACD3231AEC515800016E89 = {
						CreatedOnToolsVersion = 6.3;
						TestTargetID = 7CACD30E1AEC515800016E89;
					};
				};
			};
			buildConfigurationList = 7CACD30A1AEC515800016E89 /* Build configuration list for PBXProject "Postcard" */;
			compatibilityVersion = "Xcode 3.2";
			developmentRegion = English;
			hasScannedForEncodings = 0;
			knownRegions = (
				en,
				Base,
			);
			mainGroup = 7CACD3061AEC515800016E89;
			productRefGroup = 7CACD3101AEC515800016E89 /* Products */;
			projectDirPath = "";
			projectRoot = "";
			targets = (
				7CACD30E1AEC515800016E89 /* Postcard */,
				7CACD3231AEC515800016E89 /* PostcardTests */,
			);
		};
/* End PBXProject section */

/* Begin PBXResourcesBuildPhase section */
		7CACD30D1AEC515800016E89 /* Resources */ = {
			isa = PBXResourcesBuildPhase;
			buildActionMask = 2147483647;
			files = (
				7CACD31A1AEC515800016E89 /* Main.storyboard in Resources */,
				7CACD31F1AEC515800016E89 /* LaunchScreen.xib in Resources */,
				7CACD31C1AEC515800016E89 /* Images.xcassets in Resources */,
			);
			runOnlyForDeploymentPostprocessing = 0;
		};
		7CACD3221AEC515800016E89 /* Resources */ = {
			isa = PBXResourcesBuildPhase;
			buildActionMask = 2147483647;
			files = (
			);
			runOnlyForDeploymentPostprocessing = 0;
		};
/* End PBXResourcesBuildPhase section */

/* Begin PBXSourcesBuildPhase section */
		7CACD30B1AEC515800016E89 /* Sources */ = {
			isa = PBXSourcesBuildPhase;
			buildActionMask = 2147483647;
			files = (
				7CACD3171AEC515800016E89 /* ViewController.swift in Sources */,
				7CACD3151AEC515800016E89 /* AppDelegate.swift in Sources */,
			);
			runOnlyForDeploymentPostprocessing = 0;
		};
		7CACD3201AEC515800016E89 /* Sources */ = {
			isa = PBXSourcesBuildPhase;
			buildActionMask = 2147483647;
			files = (
				7CACD32B1AEC515800016E89 /* PostcardTests.swift in Sources */,
			);
			runOnlyForDeploymentPostprocessing = 0;
		};
/* End PBXSourcesBuildPhase section */

/* Begin PBXTargetDependency section */
		7CACD3261AEC515800016E89 /* PBXTargetDependency */ = {
			isa = PBXTargetDependency;
			target = 7CACD30E1AEC515800016E89 /* Postcard */;
			targetProxy = 7CACD3251AEC515800016E89 /* PBXContainerItemProxy */;
		};
/* End PBXTargetDependency section */

/* Begin PBXVariantGroup section */
		7CACD3181AEC515800016E89 /* Main.storyboard */ = {
			isa = PBXVariantGroup;
			children = (
				7CACD3191AEC515800016E89 /* Base */,
			);
			name = Main.storyboard;
			sourceTree = "<group>";
		};
		7CACD31D1AEC515800016E89 /* LaunchScreen.xib */ = {
			isa = PBXVariantGroup;
			children = (
				7CACD31E1AEC515800016E89 /* Base */,
			);
			name = LaunchScreen.xib;
			sourceTree = "<group>";
		};
/* End PBXVariantGroup section */

/* Begin XCBuildConfiguration section */
		7CACD32C1AEC515800016E89 /* Debug */ = {
			isa = XCBuildConfiguration;
			buildSettings = {
				ALWAYS_SEARCH_USER_PATHS = NO;
				CLANG_CXX_LANGUAGE_STANDARD = "gnu++0x";
				CLANG_CXX_LIBRARY = "libc++";
				CLANG_ENABLE_MODULES = YES;
				CLANG_ENABLE_OBJC_ARC = YES;
				CLANG_WARN_BOOL_CONVERSION = YES;
				CLANG_WARN_CONSTANT_CONVERSION = YES;
				CLANG_WARN_DIRECT_OBJC_ISA_USAGE = YES_ERROR;
				CLANG_WARN_EMPTY_BODY = YES;
				CLANG_WARN_ENUM_CONVERSION = YES;
				CLANG_WARN_INT_CONVERSION = YES;
				CLANG_WARN_OBJC_ROOT_CLASS = YES_ERROR;
				CLANG_WARN_UNREACHABLE_CODE = YES;
				CLANG_WARN__DUPLICATE_METHOD_MATCH = YES;
				"CODE_SIGN_IDENTITY[sdk=iphoneos*]" = "iPhone Developer";
				COPY_PHASE_STRIP = NO;
				DEBUG_INFORMATION_FORMAT = "dwarf-with-dsym";
				ENABLE_STRICT_OBJC_MSGSEND = YES;
				GCC_C_LANGUAGE_STANDARD = gnu99;
				GCC_DYNAMIC_NO_PIC = NO;
				GCC_NO_COMMON_BLOCKS = YES;
				GCC_OPTIMIZATION_LEVEL = 0;
				GCC_PREPROCESSOR_DEFINITIONS = (
					"DEBUG=1",
					"$(inherited)",
				);
				GCC_SYMBOLS_PRIVATE_EXTERN = NO;
				GCC_WARN_64_TO_32_BIT_CONVERSION = YES;
				GCC_WARN_ABOUT_RETURN_TYPE = YES_ERROR;
				GCC_WARN_UNDECLARED_SELECTOR = YES;
				GCC_WARN_UNINITIALIZED_AUTOS = YES_AGGRESSIVE;
				GCC_WARN_UNUSED_FUNCTION = YES;
				GCC_WARN_UNUSED_VARIABLE = YES;
				IPHONEOS_DEPLOYMENT_TARGET = 8.3;
				MTL_ENABLE_DEBUG_INFO = YES;
				ONLY_ACTIVE_ARCH = YES;
				SDKROOT = iphoneos;
				SWIFT_OPTIMIZATION_LEVEL = "-Onone";
				TARGETED_DEVICE_FAMILY = "1,2";
			};
			name = Debug;
		};
		7CACD32D1AEC515800016E89 /* Release */ = {
			isa = XCBuildConfiguration;
			buildSettings = {
				ALWAYS_SEARCH_USER_PATHS = NO;
				CLANG_CXX_LANGUAGE_STANDARD = "gnu++0x";
				CLANG_CXX_LIBRARY = "libc++";
				CLANG_ENABLE_MODULES = YES;
				CLANG_ENABLE_OBJC_ARC = YES;
				CLANG_WARN_BOOL_CONVERSION = YES;
				CLANG_WARN_CONSTANT_CONVERSION = YES;
				CLANG_WARN_DIRECT_OBJC_ISA_USAGE = YES_ERROR;
				CLANG_WARN_EMPTY_BODY = YES;
				CLANG_WARN_ENUM_CONVERSION = YES;
				CLANG_WARN_INT_CONVERSION = YES;
				CLANG_WARN_OBJC_ROOT_CLASS = YES_ERROR;
				CLANG_WARN_UNREACHABLE_CODE = YES;
				CLANG_WARN__DUPLICATE_METHOD_MATCH = YES;
				"CODE_SIGN_IDENTITY[sdk=iphoneos*]" = "iPhone Developer";
				COPY_PHASE_STRIP = NO;
				DEBUG_INFORMATION_FORMAT = "dwarf-with-dsym";
				ENABLE_NS_ASSERTIONS = NO;
				ENABLE_STRICT_OBJC_MSGSEND = YES;
				GCC_C_LANGUAGE_STANDARD = gnu99;
				GCC_NO_COMMON_BLOCKS = YES;
				GCC_WARN_64_TO_32_BIT_CONVERSION = YES;
				GCC_WARN_ABOUT_RETURN_TYPE = YES_ERROR;
				GCC_WARN_UNDECLARED_SELECTOR = YES;
				GCC_WARN_UNINITIALIZED_AUTOS = YES_AGGRESSIVE;
				GCC_WARN_UNUSED_FUNCTION = YES;
				GCC_WARN_UNUSED_VARIABLE = YES;
				IPHONEOS_DEPLOYMENT_TARGET = 8.3;
				MTL_ENABLE_DEBUG_INFO = NO;
				SDKROOT = iphoneos;
				TARGETED_DEVICE_FAMILY = "1,2";
				VALIDATE_PRODUCT = YES;
			};
			name = Release;
		};
		7CACD32F1AEC515800016E89 /* Debug */ = {
			isa = XCBuildConfiguration;
			buildSettings = {
				ASSETCATALOG_COMPILER_APPICON_NAME = AppIcon;
				INFOPLIST_FILE = Postcard/Info.plist;
				LD_RUNPATH_SEARCH_PATHS = "$(inherited) @executable_path/Frameworks";
				PRODUCT_NAME = "$(TARGET_NAME)";
			};
			name = Debug;
		};
		7CACD3301AEC515800016E89 /* Release */ = {
			isa = XCBuildConfiguration;
			buildSettings = {
				ASSETCATALOG_COMPILER_APPICON_NAME = AppIcon;
				INFOPLIST_FILE = Postcard/Info.plist;
				LD_RUNPATH_SEARCH_PATHS = "$(inherited) @executable_path/Frameworks";
				PRODUCT_NAME = "$(TARGET_NAME)";
			};
			name = Release;
		};
		7CACD3321AEC515800016E89 /* Debug */ = {
			isa = XCBuildConfiguration;
			buildSettings = {
				BUNDLE_LOADER = "$(TEST_HOST)";
				FRAMEWORK_SEARCH_PATHS = (
					"$(SDKROOT)/Developer/Library/Frameworks",
					"$(inherited)",
				);
				GCC_PREPROCESSOR_DEFINITIONS = (
					"DEBUG=1",
					"$(inherited)",
				);
				INFOPLIST_FILE = PostcardTests/Info.plist;
				LD_RUNPATH_SEARCH_PATHS = "$(inherited) @executable_path/Frameworks @loader_path/Frameworks";
				PRODUCT_NAME = "$(TARGET_NAME)";
				TEST_HOST = "$(BUILT_PRODUCTS_DIR)/Postcard.app/Postcard";
			};
			name = Debug;
		};
		7CACD3331AEC515800016E89 /* Release */ = {
			isa = XCBuildConfiguration;
			buildSettings = {
				BUNDLE_LOADER = "$(TEST_HOST)";
				FRAMEWORK_SEARCH_PATHS = (
					"$(SDKROOT)/Developer/Library/Frameworks",
					"$(inherited)",
				);
				INFOPLIST_FILE = PostcardTests/Info.plist;
				LD_RUNPATH_SEARCH_PATHS = "$(inherited) @executable_path/Frameworks @loader_path/Frameworks";
				PRODUCT_NAME = "$(TARGET_NAME)";
				TEST_HOST = "$(BUILT_PRODUCTS_DIR)/Postcard.app/Postcard";
			};
			name = Release;
		};
/* End XCBuildConfiguration section */

/* Begin XCConfigurationList section */
		7CACD30A1AEC515800016E89 /* Build configuration list for PBXProject "Postcard" */ = {
			isa = XCConfigurationList;
			buildConfigurations = (
				7CACD32C1AEC515800016E89 /* Debug */,
				7CACD32D1AEC515800016E89 /* Release */,
			);
			defaultConfigurationIsVisible = 0;
			defaultConfigurationName = Release;
		};
		7CACD32E1AEC515800016E89 /* Build configuration list for PBXNativeTarget "Postcard" */ = {
			isa = XCConfigurationList;
			buildConfigurations = (
				7CACD32F1AEC515800016E89 /* Debug */,
				7CACD3301AEC515800016E89 /* Release */,
			);
			defaultConfigurationIsVisible = 0;
		};
		7CACD3311AEC515800016E89 /* Build configuration list for PBXNativeTarget "PostcardTests" */ = {
			isa = XCConfigurationList;
			buildConfigurations = (
				7CACD3321AEC515800016E89 /* Debug */,
				7CACD3331AEC515800016E89 /* Release */,
			);
			defaultConfigurationIsVisible = 0;
		};
/* End XCConfigurationList section */
	};
	rootObject = 7CACD3071AEC515800016E89 /* Project object */;
}
